
Microsoft Visual Studio Solution File, Format Version 12.00
# Visual Studio Version 17
VisualStudioVersion = 17.10.34928.147
MinimumVisualStudioVersion = 10.0.40219.1
Project("{FAE04EC0-301F-11D3-BF4B-00C04F79EFBC}") = "LearnCSharp", "LearnCSharp\LearnCSharp.csproj", "{625BADFC-44FD-4743-A8AD-1D75233A13B8}"
EndProject
Global
	GlobalSection(SolutionConfigurationPlatforms) = preSolution
		Debug|Any CPU = Debug|Any CPU
		Release|Any CPU = Release|Any CPU
	EndGlobalSection
	GlobalSection(ProjectConfigurationPlatforms) = postSolution
		{625BADFC-44FD-4743-A8AD-1D75233A13B8}.Debug|Any CPU.ActiveCfg = Debug|Any CPU
		{625BADFC-44FD-4743-A8AD-1D75233A13B8}.Debug|Any CPU.Build.0 = Debug|Any CPU
		{625BADFC-44FD-4743-A8AD-1D75233A13B8}.Release|Any CPU.ActiveCfg = Release|Any CPU
		{625BADFC-44FD-4743-A8AD-1D75233A13B8}.Release|Any CPU.Build.0 = Release|Any CPU
	EndGlobalSection
	GlobalSection(SolutionProperties) = preSolution
		HideSolutionNode = FALSE
	EndGlobalSection
	GlobalSection(ExtensibilityGlobals) = postSolution
		SolutionGuid = {636815FC-4E35-420B-A6BA-973B9FDA80CA}
	EndGlobalSection
EndGlobal
